
Microsoft Visual Studio Solution File, Format Version 12.00
# Visual Studio Version 16
VisualStudioVersion = 16.0.34601.136
MinimumVisualStudioVersion = 10.0.40219.1
Project("{FAE04EC0-301F-11D3-BF4B-00C04F79EFBC}") = "ServicioBiblioteca", "ServicioBiblioteca\ServicioBiblioteca.csproj", "{DD192F51-FACC-4BD4-94F3-BE38ACEB554D}"
EndProject
Project("{FAE04EC0-301F-11D3-BF4B-00C04F79EFBC}") = "Cliente", "Cliente\Cliente.csproj", "{08007F8C-7B4F-4E3C-8318-130ACCA3093F}"
EndProject
Project("{FAE04EC0-301F-11D3-BF4B-00C04F79EFBC}") = "Servidor", "Servidor\Servidor\Servidor.csproj", "{6411B108-12BD-441E-8529-5DA75AD5D56D}"
EndProject
Global
	GlobalSection(SolutionConfigurationPlatforms) = preSolution
		Debug|Any CPU = Debug|Any CPU
		Release|Any CPU = Release|Any CPU
	EndGlobalSection
	GlobalSection(ProjectConfigurationPlatforms) = postSolution
		{DD192F51-FACC-4BD4-94F3-BE38ACEB554D}.Debug|Any CPU.ActiveCfg = Debug|Any CPU
		{DD192F51-FACC-4BD4-94F3-BE38ACEB554D}.Debug|Any CPU.Build.0 = Debug|Any CPU
		{DD192F51-FACC-4BD4-94F3-BE38ACEB554D}.Release|Any CPU.ActiveCfg = Release|Any CPU
		{DD192F51-FACC-4BD4-94F3-BE38ACEB554D}.Release|Any CPU.Build.0 = Release|Any CPU
		{08007F8C-7B4F-4E3C-8318-130ACCA3093F}.Debug|Any CPU.ActiveCfg = Debug|Any CPU
		{08007F8C-7B4F-4E3C-8318-130ACCA3093F}.Debug|Any CPU.Build.0 = Debug|Any CPU
		{08007F8C-7B4F-4E3C-8318-130ACCA3093F}.Release|Any CPU.ActiveCfg = Release|Any CPU
		{08007F8C-7B4F-4E3C-8318-130ACCA3093F}.Release|Any CPU.Build.0 = Release|Any CPU
		{6411B108-12BD-441E-8529-5DA75AD5D56D}.Debug|Any CPU.ActiveCfg = Debug|Any CPU
		{6411B108-12BD-441E-8529-5DA75AD5D56D}.Debug|Any CPU.Build.0 = Debug|Any CPU
		{6411B108-12BD-441E-8529-5DA75AD5D56D}.Release|Any CPU.ActiveCfg = Release|Any CPU
		{6411B108-12BD-441E-8529-5DA75AD5D56D}.Release|Any CPU.Build.0 = Release|Any CPU
	EndGlobalSection
	GlobalSection(SolutionProperties) = preSolution
		HideSolutionNode = FALSE
	EndGlobalSection
	GlobalSection(ExtensibilityGlobals) = postSolution
		SolutionGuid = {2BC92A99-2EC3-487F-8C47-AEE2F9A40B8A}
	EndGlobalSection
EndGlobal
